
Microsoft Visual Studio Solution File, Format Version 12.00
# Visual Studio Version 17
VisualStudioVersion = 17.13.35825.156 d17.13
MinimumVisualStudioVersion = 10.0.40219.1
Project("{FAE04EC0-301F-11D3-BF4B-00C04F79EFBC}") = "CekikilaAuto", "CekikilaAuto\CekikilaAuto\CekikilaAuto.csproj", "{8C4340E9-5AB6-4A80-B5FD-5D39F7B5FC62}"
EndProject
Project("{FAE04EC0-301F-11D3-BF4B-00C04F79EFBC}") = "CekikilaAuto.Client", "CekikilaAuto\CekikilaAuto.Client\CekikilaAuto.Client.csproj", "{D6D7A57F-BDC0-4910-8804-220F8223C9BE}"
EndProject
Global
	GlobalSection(SolutionConfigurationPlatforms) = preSolution
		Debug|Any CPU = Debug|Any CPU
		Release|Any CPU = Release|Any CPU
	EndGlobalSection
	GlobalSection(ProjectConfigurationPlatforms) = postSolution
		{8C4340E9-5AB6-4A80-B5FD-5D39F7B5FC62}.Debug|Any CPU.ActiveCfg = Debug|Any CPU
		{8C4340E9-5AB6-4A80-B5FD-5D39F7B5FC62}.Debug|Any CPU.Build.0 = Debug|Any CPU
		{8C4340E9-5AB6-4A80-B5FD-5D39F7B5FC62}.Release|Any CPU.ActiveCfg = Release|Any CPU
		{8C4340E9-5AB6-4A80-B5FD-5D39F7B5FC62}.Release|Any CPU.Build.0 = Release|Any CPU
		{D6D7A57F-BDC0-4910-8804-220F8223C9BE}.Debug|Any CPU.ActiveCfg = Debug|Any CPU
		{D6D7A57F-BDC0-4910-8804-220F8223C9BE}.Debug|Any CPU.Build.0 = Debug|Any CPU
		{D6D7A57F-BDC0-4910-8804-220F8223C9BE}.Release|Any CPU.ActiveCfg = Release|Any CPU
		{D6D7A57F-BDC0-4910-8804-220F8223C9BE}.Release|Any CPU.Build.0 = Release|Any CPU
	EndGlobalSection
	GlobalSection(SolutionProperties) = preSolution
		HideSolutionNode = FALSE
	EndGlobalSection
	GlobalSection(ExtensibilityGlobals) = postSolution
		SolutionGuid = {E9B0A3B3-BEAD-417A-94AC-C4F771C3D0D1}
	EndGlobalSection
EndGlobal
